{
  "version": 4,
  "terraform_version": "0.14.8",
  "serial": 42,
  "lineage": "6db06468-5e95-7500-b00f-b5e6e8ad61b0",
  "outputs": {
    "Public_fqdn_Address": {
      "value": "example-anos.westeurope.cloudapp.azure.com",
      "type": "string"
    },
    "Virtual_Machine_ID": {
      "value": "/subscriptions/329e69ac-639a-43de-b4d8-0ee91c6269cb/resourceGroups/lab-2021-04-09T130729Z/providers/Microsoft.Compute/virtualMachines/win",
      "type": "string"
    }
  },
  "resources": [
    {
      "mode": "managed",
      "type": "azurerm_network_interface",
      "name": "win_ip",
      "provider": "provider[\"registry.terraform.io/hashicorp/azurerm\"]",
      "instances": [
        {
          "schema_version": 0,
          "attributes": {
            "applied_dns_servers": [],
            "dns_servers": [],
            "enable_accelerated_networking": false,
            "enable_ip_forwarding": false,
            "id": "/subscriptions/329e69ac-639a-43de-b4d8-0ee91c6269cb/resourceGroups/lab-2021-04-09T130729Z/providers/Microsoft.Network/networkInterfaces/win_ip",
            "internal_dns_name_label": "",
            "internal_domain_name_suffix": "mrwdh3utxhaupnx4sjdbhwlvih.ax.internal.cloudapp.net",
            "ip_configuration": [
              {
                "name": "win_ipconf",
                "primary": true,
                "private_ip_address": "10.1.1.10",
                "private_ip_address_allocation": "Static",
                "private_ip_address_version": "IPv4",
                "public_ip_address_id": "/subscriptions/329e69ac-639a-43de-b4d8-0ee91c6269cb/resourceGroups/lab-2021-04-09T130729Z/providers/Microsoft.Network/publicIPAddresses/win_pubip",
                "subnet_id": "/subscriptions/329e69ac-639a-43de-b4d8-0ee91c6269cb/resourceGroups/lab-2021-04-09T130729Z/providers/Microsoft.Network/virtualNetworks/lab_Network/subnets/lab_Subnet"
              }
            ],
            "location": "westeurope",
            "mac_address": "",
            "name": "win_ip",
            "private_ip_address": "10.1.1.10",
            "private_ip_addresses": [
              "10.1.1.10"
            ],
            "resource_group_name": "lab-2021-04-09T130729Z",
            "tags": null,
            "timeouts": null,
            "virtual_machine_id": ""
          },
          "sensitive_attributes": [],
          "private": "eyJlMmJmYjczMC1lY2FhLTExZTYtOGY4OC0zNDM2M2JjN2M0YzAiOnsiY3JlYXRlIjoxODAwMDAwMDAwMDAwLCJkZWxldGUiOjE4MDAwMDAwMDAwMDAsInJlYWQiOjMwMDAwMDAwMDAwMCwidXBkYXRlIjoxODAwMDAwMDAwMDAwfX0=",
          "dependencies": [
            "azurerm_public_ip.win_pubip",
            "azurerm_resource_group.rg",
            "azurerm_subnet.subnet",
            "azurerm_virtual_network.vnet",
            "random_string.suffix"
          ]
        }
      ]
    },
    {
      "mode": "managed",
      "type": "azurerm_network_security_group",
      "name": "nsg",
      "provider": "provider[\"registry.terraform.io/hashicorp/azurerm\"]",
      "instances": [
        {
          "schema_version": 0,
          "attributes": {
            "id": "/subscriptions/329e69ac-639a-43de-b4d8-0ee91c6269cb/resourceGroups/lab-2021-04-09T130729Z/providers/Microsoft.Network/networkSecurityGroups/lab_nsg",
            "location": "westeurope",
            "name": "lab_nsg",
            "resource_group_name": "lab-2021-04-09T130729Z",
            "security_rule": [
              {
                "access": "Allow",
                "description": "",
                "destination_address_prefix": "*",
                "destination_address_prefixes": [],
                "destination_application_security_group_ids": [],
                "destination_port_range": "3389",
                "destination_port_ranges": [],
                "direction": "Inbound",
                "name": "Allow_RDP",
                "priority": 100,
                "protocol": "Tcp",
                "source_address_prefix": "*",
                "source_address_prefixes": [],
                "source_application_security_group_ids": [],
                "source_port_range": "*",
                "source_port_ranges": []
              },
              {
                "access": "Allow",
                "description": "",
                "destination_address_prefix": "*",
                "destination_address_prefixes": [],
                "destination_application_security_group_ids": [],
                "destination_port_range": "5985",
                "destination_port_ranges": [],
                "direction": "Inbound",
                "name": "Allow_WinRM",
                "priority": 101,
                "protocol": "Tcp",
                "source_address_prefix": "*",
                "source_address_prefixes": [],
                "source_application_security_group_ids": [],
                "source_port_range": "*",
                "source_port_ranges": []
              }
            ],
            "tags": null,
            "timeouts": null
          },
          "sensitive_attributes": [],
          "private": "eyJlMmJmYjczMC1lY2FhLTExZTYtOGY4OC0zNDM2M2JjN2M0YzAiOnsiY3JlYXRlIjoxODAwMDAwMDAwMDAwLCJkZWxldGUiOjE4MDAwMDAwMDAwMDAsInJlYWQiOjMwMDAwMDAwMDAwMCwidXBkYXRlIjoxODAwMDAwMDAwMDAwfX0=",
          "dependencies": [
            "azurerm_resource_group.rg"
          ]
        }
      ]
    },
    {
      "mode": "managed",
      "type": "azurerm_public_ip",
      "name": "win_pubip",
      "provider": "provider[\"registry.terraform.io/hashicorp/azurerm\"]",
      "instances": [
        {
          "schema_version": 0,
          "attributes": {
            "allocation_method": "Dynamic",
            "domain_name_label": "example-anos",
            "fqdn": "example-anos.westeurope.cloudapp.azure.com",
            "id": "/subscriptions/329e69ac-639a-43de-b4d8-0ee91c6269cb/resourceGroups/lab-2021-04-09T130729Z/providers/Microsoft.Network/publicIPAddresses/win_pubip",
            "idle_timeout_in_minutes": 4,
            "ip_address": "",
            "ip_version": "IPv4",
            "location": "westeurope",
            "name": "win_pubip",
            "public_ip_prefix_id": null,
            "resource_group_name": "lab-2021-04-09T130729Z",
            "reverse_fqdn": "",
            "sku": "Basic",
            "tags": null,
            "timeouts": null,
            "zones": null
          },
          "sensitive_attributes": [],
          "private": "eyJlMmJmYjczMC1lY2FhLTExZTYtOGY4OC0zNDM2M2JjN2M0YzAiOnsiY3JlYXRlIjoxODAwMDAwMDAwMDAwLCJkZWxldGUiOjE4MDAwMDAwMDAwMDAsInJlYWQiOjMwMDAwMDAwMDAwMCwidXBkYXRlIjoxODAwMDAwMDAwMDAwfX0=",
          "dependencies": [
            "azurerm_resource_group.rg",
            "random_string.suffix"
          ]
        }
      ]
    },
    {
      "mode": "managed",
      "type": "azurerm_resource_group",
      "name": "rg",
      "provider": "provider[\"registry.terraform.io/hashicorp/azurerm\"]",
      "instances": [
        {
          "schema_version": 0,
          "attributes": {
            "id": "/subscriptions/329e69ac-639a-43de-b4d8-0ee91c6269cb/resourceGroups/lab-2021-04-09T130729Z",
            "location": "westeurope",
            "name": "lab-2021-04-09T130729Z",
            "tags": null,
            "timeouts": null
          },
          "sensitive_attributes": [],
          "private": "eyJlMmJmYjczMC1lY2FhLTExZTYtOGY4OC0zNDM2M2JjN2M0YzAiOnsiY3JlYXRlIjo1NDAwMDAwMDAwMDAwLCJkZWxldGUiOjU0MDAwMDAwMDAwMDAsInJlYWQiOjMwMDAwMDAwMDAwMCwidXBkYXRlIjo1NDAwMDAwMDAwMDAwfX0="
        }
      ]
    },
    {
      "mode": "managed",
      "type": "azurerm_subnet",
      "name": "subnet",
      "provider": "provider[\"registry.terraform.io/hashicorp/azurerm\"]",
      "instances": [
        {
          "schema_version": 0,
          "attributes": {
            "address_prefix": "10.1.1.0/24",
            "address_prefixes": [
              "10.1.1.0/24"
            ],
            "delegation": [],
            "enforce_private_link_endpoint_network_policies": false,
            "enforce_private_link_service_network_policies": false,
            "id": "/subscriptions/329e69ac-639a-43de-b4d8-0ee91c6269cb/resourceGroups/lab-2021-04-09T130729Z/providers/Microsoft.Network/virtualNetworks/lab_Network/subnets/lab_Subnet",
            "name": "lab_Subnet",
            "resource_group_name": "lab-2021-04-09T130729Z",
            "service_endpoint_policy_ids": null,
            "service_endpoints": null,
            "timeouts": null,
            "virtual_network_name": "lab_Network"
          },
          "sensitive_attributes": [],
          "private": "eyJlMmJmYjczMC1lY2FhLTExZTYtOGY4OC0zNDM2M2JjN2M0YzAiOnsiY3JlYXRlIjoxODAwMDAwMDAwMDAwLCJkZWxldGUiOjE4MDAwMDAwMDAwMDAsInJlYWQiOjMwMDAwMDAwMDAwMCwidXBkYXRlIjoxODAwMDAwMDAwMDAwfX0=",
          "dependencies": [
            "azurerm_resource_group.rg",
            "azurerm_virtual_network.vnet"
          ]
        }
      ]
    },
    {
      "mode": "managed",
      "type": "azurerm_subnet_network_security_group_association",
      "name": "sg_assoc",
      "provider": "provider[\"registry.terraform.io/hashicorp/azurerm\"]",
      "instances": [
        {
          "schema_version": 0,
          "attributes": {
            "id": "/subscriptions/329e69ac-639a-43de-b4d8-0ee91c6269cb/resourceGroups/lab-2021-04-09T130729Z/providers/Microsoft.Network/virtualNetworks/lab_Network/subnets/lab_Subnet",
            "network_security_group_id": "/subscriptions/329e69ac-639a-43de-b4d8-0ee91c6269cb/resourceGroups/lab-2021-04-09T130729Z/providers/Microsoft.Network/networkSecurityGroups/lab_nsg",
            "subnet_id": "/subscriptions/329e69ac-639a-43de-b4d8-0ee91c6269cb/resourceGroups/lab-2021-04-09T130729Z/providers/Microsoft.Network/virtualNetworks/lab_Network/subnets/lab_Subnet",
            "timeouts": null
          },
          "sensitive_attributes": [],
          "private": "eyJlMmJmYjczMC1lY2FhLTExZTYtOGY4OC0zNDM2M2JjN2M0YzAiOnsiY3JlYXRlIjoxODAwMDAwMDAwMDAwLCJkZWxldGUiOjE4MDAwMDAwMDAwMDAsInJlYWQiOjMwMDAwMDAwMDAwMCwidXBkYXRlIjoxODAwMDAwMDAwMDAwfX0=",
          "dependencies": [
            "azurerm_network_security_group.nsg",
            "azurerm_resource_group.rg",
            "azurerm_subnet.subnet",
            "azurerm_virtual_network.vnet"
          ]
        }
      ]
    },
    {
      "mode": "managed",
      "type": "azurerm_virtual_machine",
      "name": "win",
      "provider": "provider[\"registry.terraform.io/hashicorp/azurerm\"]",
      "instances": [
        {
          "schema_version": 0,
          "attributes": {
            "additional_capabilities": [],
            "availability_set_id": null,
            "boot_diagnostics": [],
            "delete_data_disks_on_termination": false,
            "delete_os_disk_on_termination": false,
            "id": "/subscriptions/329e69ac-639a-43de-b4d8-0ee91c6269cb/resourceGroups/lab-2021-04-09T130729Z/providers/Microsoft.Compute/virtualMachines/win",
            "identity": [],
            "license_type": null,
            "location": "westeurope",
            "name": "win",
            "network_interface_ids": [
              "/subscriptions/329e69ac-639a-43de-b4d8-0ee91c6269cb/resourceGroups/lab-2021-04-09T130729Z/providers/Microsoft.Network/networkInterfaces/win_ip"
            ],
            "os_profile": [
              {
                "admin_password": "P@ssw0rd1234!",
                "admin_username": "labadmin",
                "computer_name": "win",
                "custom_data": "a489c450822a3726c5f3ed26437883cfb6f0e987"
              }
            ],
            "os_profile_linux_config": [],
            "os_profile_secrets": [],
            "os_profile_windows_config": [
              {
                "additional_unattend_config": [
                  {
                    "component": "Microsoft-Windows-Shell-Setup",
                    "content": "\u003cAutoLogon\u003e\u003cPassword\u003e\u003cValue\u003eP@ssw0rd1234!\u003c/Value\u003e\u003c/Password\u003e\u003cEnabled\u003etrue\u003c/Enabled\u003e\u003cLogonCount\u003e1\u003c/LogonCount\u003e\u003cUsername\u003elabadmin\u003c/Username\u003e\u003c/AutoLogon\u003e",
                    "pass": "oobeSystem",
                    "setting_name": "AutoLogon"
                  },
                  {
                    "component": "Microsoft-Windows-Shell-Setup",
                    "content": "\u003cFirstLogonCommands\u003e\n    \u003cSynchronousCommand\u003e\n        \u003cCommandLine\u003ecmd /c \"mkdir C:\\terraform\"\u003c/CommandLine\u003e\n        \u003cDescription\u003eCreate the Terraform working directory\u003c/Description\u003e\n        \u003cOrder\u003e11\u003c/Order\u003e\n    \u003c/SynchronousCommand\u003e\n    \u003cSynchronousCommand\u003e\n        \u003cCommandLine\u003ecmd /c \"copy C:\\AzureData\\CustomData.bin C:\\terraform\\winrm.ps1\"\u003c/CommandLine\u003e\n        \u003cDescription\u003eMove the CustomData file to the working directory\u003c/Description\u003e\n        \u003cOrder\u003e12\u003c/Order\u003e\n    \u003c/SynchronousCommand\u003e\n    \u003cSynchronousCommand\u003e\n        \u003cCommandLine\u003epowershell.exe -sta -ExecutionPolicy Unrestricted -file C:\\terraform\\winrm.ps1\u003c/CommandLine\u003e\n        \u003cDescription\u003eExecute the WinRM enabling script\u003c/Description\u003e\n        \u003cOrder\u003e13\u003c/Order\u003e\n    \u003c/SynchronousCommand\u003e\n\u003c/FirstLogonCommands\u003e",
                    "pass": "oobeSystem",
                    "setting_name": "FirstLogonCommands"
                  }
                ],
                "enable_automatic_upgrades": false,
                "provision_vm_agent": true,
                "timezone": "",
                "winrm": [
                  {
                    "certificate_url": "",
                    "protocol": "http"
                  }
                ]
              }
            ],
            "plan": [],
            "primary_network_interface_id": null,
            "proximity_placement_group_id": null,
            "resource_group_name": "lab-2021-04-09T130729Z",
            "storage_data_disk": [],
            "storage_image_reference": [
              {
                "id": "",
                "offer": "Windows-10",
                "publisher": "MicrosoftWindowsDesktop",
                "sku": "20h1-pro-g2",
                "version": "latest"
              }
            ],
            "storage_os_disk": [
              {
                "caching": "ReadWrite",
                "create_option": "FromImage",
                "disk_size_gb": 127,
                "image_uri": "",
                "managed_disk_id": "/subscriptions/329e69ac-639a-43de-b4d8-0ee91c6269cb/resourceGroups/lab-2021-04-09T130729Z/providers/Microsoft.Compute/disks/osdisk",
                "managed_disk_type": "Standard_LRS",
                "name": "osdisk",
                "os_type": "Windows",
                "vhd_uri": "",
                "write_accelerator_enabled": false
              }
            ],
            "tags": null,
            "timeouts": null,
            "vm_size": "Standard_DS1_v2",
            "zones": null
          },
          "sensitive_attributes": [],
          "private": "eyJlMmJmYjczMC1lY2FhLTExZTYtOGY4OC0zNDM2M2JjN2M0YzAiOnsiY3JlYXRlIjozNjAwMDAwMDAwMDAwLCJkZWxldGUiOjM2MDAwMDAwMDAwMDAsInJlYWQiOjMwMDAwMDAwMDAwMCwidXBkYXRlIjozNjAwMDAwMDAwMDAwfX0=",
          "dependencies": [
            "azurerm_network_interface.win_ip",
            "azurerm_public_ip.win_pubip",
            "azurerm_resource_group.rg",
            "azurerm_subnet.subnet",
            "azurerm_virtual_network.vnet",
            "random_string.suffix"
          ]
        }
      ]
    },
    {
      "mode": "managed",
      "type": "azurerm_virtual_network",
      "name": "vnet",
      "provider": "provider[\"registry.terraform.io/hashicorp/azurerm\"]",
      "instances": [
        {
          "schema_version": 0,
          "attributes": {
            "address_space": [
              "10.1.0.0/16"
            ],
            "bgp_community": "",
            "ddos_protection_plan": [],
            "dns_servers": null,
            "guid": "f6336c64-b993-47c1-b6fe-924613d97547",
            "id": "/subscriptions/329e69ac-639a-43de-b4d8-0ee91c6269cb/resourceGroups/lab-2021-04-09T130729Z/providers/Microsoft.Network/virtualNetworks/lab_Network",
            "location": "westeurope",
            "name": "lab_Network",
            "resource_group_name": "lab-2021-04-09T130729Z",
            "subnet": [],
            "tags": null,
            "timeouts": null,
            "vm_protection_enabled": false
          },
          "sensitive_attributes": [],
          "private": "eyJlMmJmYjczMC1lY2FhLTExZTYtOGY4OC0zNDM2M2JjN2M0YzAiOnsiY3JlYXRlIjoxODAwMDAwMDAwMDAwLCJkZWxldGUiOjE4MDAwMDAwMDAwMDAsInJlYWQiOjMwMDAwMDAwMDAwMCwidXBkYXRlIjoxODAwMDAwMDAwMDAwfX0=",
          "dependencies": [
            "azurerm_resource_group.rg"
          ]
        }
      ]
    },
    {
      "mode": "managed",
      "type": "random_string",
      "name": "suffix",
      "provider": "provider[\"registry.terraform.io/hashicorp/random\"]",
      "instances": [
        {
          "schema_version": 1,
          "attributes": {
            "id": "anos",
            "keepers": null,
            "length": 4,
            "lower": true,
            "min_lower": 0,
            "min_numeric": 0,
            "min_special": 0,
            "min_upper": 0,
            "number": false,
            "override_special": null,
            "result": "anos",
            "special": false,
            "upper": false
          },
          "sensitive_attributes": [],
          "private": "eyJzY2hlbWFfdmVyc2lvbiI6IjEifQ=="
        }
      ]
    }
  ]
}
